// !$*UTF8*$!
{
	archiveVersion = 1;
	classes = {
	};
	objectVersion = 56;
	objects = {

/* Begin PBXBuildFile section */
		787B508F2A55F9BA0076326F /* IssueView.swift in Sources */ = {isa = PBXBuildFile; fileRef = 787B508E2A55F9BA0076326F /* IssueView.swift */; };
		787B50912A55F9C50076326F /* NoIssueView.swift in Sources */ = {isa = PBXBuildFile; fileRef = 787B50902A55F9C50076326F /* NoIssueView.swift */; };
		78ADAB8629AD162900ED6094 /* BugTrackerApp.swift in Sources */ = {isa = PBXBuildFile; fileRef = 78ADAB8529AD162900ED6094 /* BugTrackerApp.swift */; };
		78ADAB8829AD162900ED6094 /* ContentView.swift in Sources */ = {isa = PBXBuildFile; fileRef = 78ADAB8729AD162900ED6094 /* ContentView.swift */; };
		78ADAB8A29AD162A00ED6094 /* Assets.xcassets in Resources */ = {isa = PBXBuildFile; fileRef = 78ADAB8929AD162A00ED6094 /* Assets.xcassets */; };
		78ADAB8E29AD162A00ED6094 /* Preview Assets.xcassets in Resources */ = {isa = PBXBuildFile; fileRef = 78ADAB8D29AD162A00ED6094 /* Preview Assets.xcassets */; };
		78ADAB9629AD165C00ED6094 /* Main.xcdatamodeld in Sources */ = {isa = PBXBuildFile; fileRef = 78ADAB9429AD165C00ED6094 /* Main.xcdatamodeld */; };
		78ADAB9829AD17BD00ED6094 /* DataController.swift in Sources */ = {isa = PBXBuildFile; fileRef = 78ADAB9729AD17BD00ED6094 /* DataController.swift */; };
		78ADAB9A29AF916A00ED6094 /* SidebarView.swift in Sources */ = {isa = PBXBuildFile; fileRef = 78ADAB9929AF916A00ED6094 /* SidebarView.swift */; };
		78ADAB9C29AF917200ED6094 /* DetailView.swift in Sources */ = {isa = PBXBuildFile; fileRef = 78ADAB9B29AF917200ED6094 /* DetailView.swift */; };
		78ADAB9E29AF932800ED6094 /* Filter.swift in Sources */ = {isa = PBXBuildFile; fileRef = 78ADAB9D29AF932800ED6094 /* Filter.swift */; };
		78ADABA029B0D28E00ED6094 /* Issue-CoreDataHelper.swift in Sources */ = {isa = PBXBuildFile; fileRef = 78ADAB9F29B0D28E00ED6094 /* Issue-CoreDataHelper.swift */; };
		78ADABA229B0D2F700ED6094 /* Tag-CoreDataHelper.swift in Sources */ = {isa = PBXBuildFile; fileRef = 78ADABA129B0D2F700ED6094 /* Tag-CoreDataHelper.swift */; };
		78ADABA429B0D8DE00ED6094 /* IssueRow.swift in Sources */ = {isa = PBXBuildFile; fileRef = 78ADABA329B0D8DE00ED6094 /* IssueRow.swift */; };
/* End PBXBuildFile section */

/* Begin PBXFileReference section */
		787B508E2A55F9BA0076326F /* IssueView.swift */ = {isa = PBXFileReference; lastKnownFileType = sourcecode.swift; path = IssueView.swift; sourceTree = "<group>"; };
		787B50902A55F9C50076326F /* NoIssueView.swift */ = {isa = PBXFileReference; lastKnownFileType = sourcecode.swift; path = NoIssueView.swift; sourceTree = "<group>"; };
		78ADAB8229AD162900ED6094 /* BugTracker.app */ = {isa = PBXFileReference; explicitFileType = wrapper.application; includeInIndex = 0; path = BugTracker.app; sourceTree = BUILT_PRODUCTS_DIR; };
		78ADAB8529AD162900ED6094 /* BugTrackerApp.swift */ = {isa = PBXFileReference; lastKnownFileType = sourcecode.swift; path = BugTrackerApp.swift; sourceTree = "<group>"; };
		78ADAB8729AD162900ED6094 /* ContentView.swift */ = {isa = PBXFileReference; lastKnownFileType = sourcecode.swift; path = ContentView.swift; sourceTree = "<group>"; };
		78ADAB8929AD162A00ED6094 /* Assets.xcassets */ = {isa = PBXFileReference; lastKnownFileType = folder.assetcatalog; path = Assets.xcassets; sourceTree = "<group>"; };
		78ADAB8B29AD162A00ED6094 /* BugTracker.entitlements */ = {isa = PBXFileReference; lastKnownFileType = text.plist.entitlements; path = BugTracker.entitlements; sourceTree = "<group>"; };
		78ADAB8D29AD162A00ED6094 /* Preview Assets.xcassets */ = {isa = PBXFileReference; lastKnownFileType = folder.assetcatalog; path = "Preview Assets.xcassets"; sourceTree = "<group>"; };
		78ADAB9529AD165C00ED6094 /* Main.xcdatamodel */ = {isa = PBXFileReference; lastKnownFileType = wrapper.xcdatamodel; path = Main.xcdatamodel; sourceTree = "<group>"; };
		78ADAB9729AD17BD00ED6094 /* DataController.swift */ = {isa = PBXFileReference; lastKnownFileType = sourcecode.swift; path = DataController.swift; sourceTree = "<group>"; };
		78ADAB9929AF916A00ED6094 /* SidebarView.swift */ = {isa = PBXFileReference; lastKnownFileType = sourcecode.swift; path = SidebarView.swift; sourceTree = "<group>"; };
		78ADAB9B29AF917200ED6094 /* DetailView.swift */ = {isa = PBXFileReference; lastKnownFileType = sourcecode.swift; path = DetailView.swift; sourceTree = "<group>"; };
		78ADAB9D29AF932800ED6094 /* Filter.swift */ = {isa = PBXFileReference; lastKnownFileType = sourcecode.swift; path = Filter.swift; sourceTree = "<group>"; };
		78ADAB9F29B0D28E00ED6094 /* Issue-CoreDataHelper.swift */ = {isa = PBXFileReference; lastKnownFileType = sourcecode.swift; path = "Issue-CoreDataHelper.swift"; sourceTree = "<group>"; };
		78ADABA129B0D2F700ED6094 /* Tag-CoreDataHelper.swift */ = {isa = PBXFileReference; lastKnownFileType = sourcecode.swift; path = "Tag-CoreDataHelper.swift"; sourceTree = "<group>"; };
		78ADABA329B0D8DE00ED6094 /* IssueRow.swift */ = {isa = PBXFileReference; lastKnownFileType = sourcecode.swift; path = IssueRow.swift; sourceTree = "<group>"; };
/* End PBXFileReference section */

/* Begin PBXFrameworksBuildPhase section */
		78ADAB7F29AD162900ED6094 /* Frameworks */ = {
			isa = PBXFrameworksBuildPhase;
			buildActionMask = 2147483647;
			files = (
			);
			runOnlyForDeploymentPostprocessing = 0;
		};
/* End PBXFrameworksBuildPhase section */

/* Begin PBXGroup section */
		78ADAB7929AD162900ED6094 = {
			isa = PBXGroup;
			children = (
				78ADAB8429AD162900ED6094 /* BugTracker */,
				78ADAB8329AD162900ED6094 /* Products */,
			);
			sourceTree = "<group>";
		};
		78ADAB8329AD162900ED6094 /* Products */ = {
			isa = PBXGroup;
			children = (
				78ADAB8229AD162900ED6094 /* BugTracker.app */,
			);
			name = Products;
			sourceTree = "<group>";
		};
		78ADAB8429AD162900ED6094 /* BugTracker */ = {
			isa = PBXGroup;
			children = (
				78ADAB8529AD162900ED6094 /* BugTrackerApp.swift */,
				78ADAB9D29AF932800ED6094 /* Filter.swift */,
				78ADAB9929AF916A00ED6094 /* SidebarView.swift */,
				78ADABA329B0D8DE00ED6094 /* IssueRow.swift */,
				78ADAB9F29B0D28E00ED6094 /* Issue-CoreDataHelper.swift */,
				78ADABA129B0D2F700ED6094 /* Tag-CoreDataHelper.swift */,
				78ADAB8729AD162900ED6094 /* ContentView.swift */,
				78ADAB9B29AF917200ED6094 /* DetailView.swift */,
				78ADAB9429AD165C00ED6094 /* Main.xcdatamodeld */,
				78ADAB9729AD17BD00ED6094 /* DataController.swift */,
				787B508E2A55F9BA0076326F /* IssueView.swift */,
				787B50902A55F9C50076326F /* NoIssueView.swift */,
				78ADAB8929AD162A00ED6094 /* Assets.xcassets */,
				78ADAB8B29AD162A00ED6094 /* BugTracker.entitlements */,
				78ADAB8C29AD162A00ED6094 /* Preview Content */,
			);
			path = BugTracker;
			sourceTree = "<group>";
		};
		78ADAB8C29AD162A00ED6094 /* Preview Content */ = {
			isa = PBXGroup;
			children = (
				78ADAB8D29AD162A00ED6094 /* Preview Assets.xcassets */,
			);
			path = "Preview Content";
			sourceTree = "<group>";
		};
/* End PBXGroup section */

/* Begin PBXNativeTarget section */
		78ADAB8129AD162900ED6094 /* BugTracker */ = {
			isa = PBXNativeTarget;
			buildConfigurationList = 78ADAB9129AD162A00ED6094 /* Build configuration list for PBXNativeTarget "BugTracker" */;
			buildPhases = (
				78ADAB7E29AD162900ED6094 /* Sources */,
				78ADAB7F29AD162900ED6094 /* Frameworks */,
				78ADAB8029AD162900ED6094 /* Resources */,
			);
			buildRules = (
			);
			dependencies = (
			);
			name = BugTracker;
			productName = BugTracker;
			productReference = 78ADAB8229AD162900ED6094 /* BugTracker.app */;
			productType = "com.apple.product-type.application";
		};
/* End PBXNativeTarget section */

/* Begin PBXProject section */
		78ADAB7A29AD162900ED6094 /* Project object */ = {
			isa = PBXProject;
			attributes = {
				BuildIndependentTargetsInParallel = 1;
				LastSwiftUpdateCheck = 1420;
				LastUpgradeCheck = 1420;
				TargetAttributes = {
					78ADAB8129AD162900ED6094 = {
						CreatedOnToolsVersion = 14.2;
					};
				};
			};
			buildConfigurationList = 78ADAB7D29AD162900ED6094 /* Build configuration list for PBXProject "BugTracker" */;
			compatibilityVersion = "Xcode 14.0";
			developmentRegion = en;
			hasScannedForEncodings = 0;
			knownRegions = (
				en,
				Base,
			);
			mainGroup = 78ADAB7929AD162900ED6094;
			productRefGroup = 78ADAB8329AD162900ED6094 /* Products */;
			projectDirPath = "";
			projectRoot = "";
			targets = (
				78ADAB8129AD162900ED6094 /* BugTracker */,
			);
		};
/* End PBXProject section */

/* Begin PBXResourcesBuildPhase section */
		78ADAB8029AD162900ED6094 /* Resources */ = {
			isa = PBXResourcesBuildPhase;
			buildActionMask = 2147483647;
			files = (
				78ADAB8E29AD162A00ED6094 /* Preview Assets.xcassets in Resources */,
				78ADAB8A29AD162A00ED6094 /* Assets.xcassets in Resources */,
			);
			runOnlyForDeploymentPostprocessing = 0;
		};
/* End PBXResourcesBuildPhase section */

/* Begin PBXSourcesBuildPhase section */
		78ADAB7E29AD162900ED6094 /* Sources */ = {
			isa = PBXSourcesBuildPhase;
			buildActionMask = 2147483647;
			files = (
				78ADAB9E29AF932800ED6094 /* Filter.swift in Sources */,
				78ADAB9629AD165C00ED6094 /* Main.xcdatamodeld in Sources */,
				78ADAB9C29AF917200ED6094 /* DetailView.swift in Sources */,
				78ADAB9829AD17BD00ED6094 /* DataController.swift in Sources */,
				78ADAB9A29AF916A00ED6094 /* SidebarView.swift in Sources */,
				78ADAB8829AD162900ED6094 /* ContentView.swift in Sources */,
				78ADABA029B0D28E00ED6094 /* Issue-CoreDataHelper.swift in Sources */,
				78ADABA229B0D2F700ED6094 /* Tag-CoreDataHelper.swift in Sources */,
				787B508F2A55F9BA0076326F /* IssueView.swift in Sources */,
				787B50912A55F9C50076326F /* NoIssueView.swift in Sources */,
				78ADABA429B0D8DE00ED6094 /* IssueRow.swift in Sources */,
				78ADAB8629AD162900ED6094 /* BugTrackerApp.swift in Sources */,
			);
			runOnlyForDeploymentPostprocessing = 0;
		};
/* End PBXSourcesBuildPhase section */

/* Begin XCBuildConfiguration section */
		78ADAB8F29AD162A00ED6094 /* Debug */ = {
			isa = XCBuildConfiguration;
			buildSettings = {
				ALWAYS_SEARCH_USER_PATHS = NO;
				CLANG_ANALYZER_NONNULL = YES;
				CLANG_ANALYZER_NUMBER_OBJECT_CONVERSION = YES_AGGRESSIVE;
				CLANG_CXX_LANGUAGE_STANDARD = "gnu++20";
				CLANG_ENABLE_MODULES = YES;
				CLANG_ENABLE_OBJC_ARC = YES;
				CLANG_ENABLE_OBJC_WEAK = YES;
				CLANG_WARN_BLOCK_CAPTURE_AUTORELEASING = YES;
				CLANG_WARN_BOOL_CONVERSION = YES;
				CLANG_WARN_COMMA = YES;
				CLANG_WARN_CONSTANT_CONVERSION = YES;
				CLANG_WARN_DEPRECATED_OBJC_IMPLEMENTATIONS = YES;
				CLANG_WARN_DIRECT_OBJC_ISA_USAGE = YES_ERROR;
				CLANG_WARN_DOCUMENTATION_COMMENTS = YES;
				CLANG_WARN_EMPTY_BODY = YES;
				CLANG_WARN_ENUM_CONVERSION = YES;
				CLANG_WARN_INFINITE_RECURSION = YES;
				CLANG_WARN_INT_CONVERSION = YES;
				CLANG_WARN_NON_LITERAL_NULL_CONVERSION = YES;
				CLANG_WARN_OBJC_IMPLICIT_RETAIN_SELF = YES;
				CLANG_WARN_OBJC_LITERAL_CONVERSION = YES;
				CLANG_WARN_OBJC_ROOT_CLASS = YES_ERROR;
				CLANG_WARN_QUOTED_INCLUDE_IN_FRAMEWORK_HEADER = YES;
				CLANG_WARN_RANGE_LOOP_ANALYSIS = YES;
				CLANG_WARN_STRICT_PROTOTYPES = YES;
				CLANG_WARN_SUSPICIOUS_MOVE = YES;
				CLANG_WARN_UNGUARDED_AVAILABILITY = YES_AGGRESSIVE;
				CLANG_WARN_UNREACHABLE_CODE = YES;
				CLANG_WARN__DUPLICATE_METHOD_MATCH = YES;
				COPY_PHASE_STRIP = NO;
				DEBUG_INFORMATION_FORMAT = dwarf;
				ENABLE_STRICT_OBJC_MSGSEND = YES;
				ENABLE_TESTABILITY = YES;
				GCC_C_LANGUAGE_STANDARD = gnu11;
				GCC_DYNAMIC_NO_PIC = NO;
				GCC_NO_COMMON_BLOCKS = YES;
				GCC_OPTIMIZATION_LEVEL = 0;
				GCC_PREPROCESSOR_DEFINITIONS = (
					"DEBUG=1",
					"$(inherited)",
				);
				GCC_WARN_64_TO_32_BIT_CONVERSION = YES;
				GCC_WARN_ABOUT_RETURN_TYPE = YES_ERROR;
				GCC_WARN_UNDECLARED_SELECTOR = YES;
				GCC_WARN_UNINITIALIZED_AUTOS = YES_AGGRESSIVE;
				GCC_WARN_UNUSED_FUNCTION = YES;
				GCC_WARN_UNUSED_VARIABLE = YES;
				MTL_ENABLE_DEBUG_INFO = INCLUDE_SOURCE;
				MTL_FAST_MATH = YES;
				ONLY_ACTIVE_ARCH = YES;
				SWIFT_ACTIVE_COMPILATION_CONDITIONS = DEBUG;
				SWIFT_OPTIMIZATION_LEVEL = "-Onone";
			};
			name = Debug;
		};
		78ADAB9029AD162A00ED6094 /* Release */ = {
			isa = XCBuildConfiguration;
			buildSettings = {
				ALWAYS_SEARCH_USER_PATHS = NO;
				CLANG_ANALYZER_NONNULL = YES;
				CLANG_ANALYZER_NUMBER_OBJECT_CONVERSION = YES_AGGRESSIVE;
				CLANG_CXX_LANGUAGE_STANDARD = "gnu++20";
				CLANG_ENABLE_MODULES = YES;
				CLANG_ENABLE_OBJC_ARC = YES;
				CLANG_ENABLE_OBJC_WEAK = YES;
				CLANG_WARN_BLOCK_CAPTURE_AUTORELEASING = YES;
				CLANG_WARN_BOOL_CONVERSION = YES;
				CLANG_WARN_COMMA = YES;
				CLANG_WARN_CONSTANT_CONVERSION = YES;
				CLANG_WARN_DEPRECATED_OBJC_IMPLEMENTATIONS = YES;
				CLANG_WARN_DIRECT_OBJC_ISA_USAGE = YES_ERROR;
				CLANG_WARN_DOCUMENTATION_COMMENTS = YES;
				CLANG_WARN_EMPTY_BODY = YES;
				CLANG_WARN_ENUM_CONVERSION = YES;
				CLANG_WARN_INFINITE_RECURSION = YES;
				CLANG_WARN_INT_CONVERSION = YES;
				CLANG_WARN_NON_LITERAL_NULL_CONVERSION = YES;
				CLANG_WARN_OBJC_IMPLICIT_RETAIN_SELF = YES;
				CLANG_WARN_OBJC_LITERAL_CONVERSION = YES;
				CLANG_WARN_OBJC_ROOT_CLASS = YES_ERROR;
				CLANG_WARN_QUOTED_INCLUDE_IN_FRAMEWORK_HEADER = YES;
				CLANG_WARN_RANGE_LOOP_ANALYSIS = YES;
				CLANG_WARN_STRICT_PROTOTYPES = YES;
				CLANG_WARN_SUSPICIOUS_MOVE = YES;
				CLANG_WARN_UNGUARDED_AVAILABILITY = YES_AGGRESSIVE;
				CLANG_WARN_UNREACHABLE_CODE = YES;
				CLANG_WARN__DUPLICATE_METHOD_MATCH = YES;
				COPY_PHASE_STRIP = NO;
				DEBUG_INFORMATION_FORMAT = "dwarf-with-dsym";
				ENABLE_NS_ASSERTIONS = NO;
				ENABLE_STRICT_OBJC_MSGSEND = YES;
				GCC_C_LANGUAGE_STANDARD = gnu11;
				GCC_NO_COMMON_BLOCKS = YES;
				GCC_WARN_64_TO_32_BIT_CONVERSION = YES;
				GCC_WARN_ABOUT_RETURN_TYPE = YES_ERROR;
				GCC_WARN_UNDECLARED_SELECTOR = YES;
				GCC_WARN_UNINITIALIZED_AUTOS = YES_AGGRESSIVE;
				GCC_WARN_UNUSED_FUNCTION = YES;
				GCC_WARN_UNUSED_VARIABLE = YES;
				MTL_ENABLE_DEBUG_INFO = NO;
				MTL_FAST_MATH = YES;
				SWIFT_COMPILATION_MODE = wholemodule;
				SWIFT_OPTIMIZATION_LEVEL = "-O";
			};
			name = Release;
		};
		78ADAB9229AD162A00ED6094 /* Debug */ = {
			isa = XCBuildConfiguration;
			buildSettings = {
				ASSETCATALOG_COMPILER_APPICON_NAME = AppIcon;
				ASSETCATALOG_COMPILER_GLOBAL_ACCENT_COLOR_NAME = AccentColor;
				CODE_SIGN_ENTITLEMENTS = BugTracker/BugTracker.entitlements;
				CODE_SIGN_STYLE = Automatic;
				CURRENT_PROJECT_VERSION = 1;
				DEVELOPMENT_ASSET_PATHS = "\"BugTracker/Preview Content\"";
				DEVELOPMENT_TEAM = UJT6W9JA72;
				ENABLE_HARDENED_RUNTIME = YES;
				ENABLE_PREVIEWS = YES;
				GENERATE_INFOPLIST_FILE = YES;
				"INFOPLIST_KEY_UIApplicationSceneManifest_Generation[sdk=iphoneos*]" = YES;
				"INFOPLIST_KEY_UIApplicationSceneManifest_Generation[sdk=iphonesimulator*]" = YES;
				"INFOPLIST_KEY_UIApplicationSupportsIndirectInputEvents[sdk=iphoneos*]" = YES;
				"INFOPLIST_KEY_UIApplicationSupportsIndirectInputEvents[sdk=iphonesimulator*]" = YES;
				"INFOPLIST_KEY_UILaunchScreen_Generation[sdk=iphoneos*]" = YES;
				"INFOPLIST_KEY_UILaunchScreen_Generation[sdk=iphonesimulator*]" = YES;
				"INFOPLIST_KEY_UIStatusBarStyle[sdk=iphoneos*]" = UIStatusBarStyleDefault;
				"INFOPLIST_KEY_UIStatusBarStyle[sdk=iphonesimulator*]" = UIStatusBarStyleDefault;
				INFOPLIST_KEY_UISupportedInterfaceOrientations_iPad = "UIInterfaceOrientationPortrait UIInterfaceOrientationPortraitUpsideDown UIInterfaceOrientationLandscapeLeft UIInterfaceOrientationLandscapeRight";
				INFOPLIST_KEY_UISupportedInterfaceOrientations_iPhone = "UIInterfaceOrientationPortrait UIInterfaceOrientationLandscapeLeft UIInterfaceOrientationLandscapeRight";
				IPHONEOS_DEPLOYMENT_TARGET = 16.2;
				LD_RUNPATH_SEARCH_PATHS = "@executable_path/Frameworks";
				"LD_RUNPATH_SEARCH_PATHS[sdk=macosx*]" = "@executable_path/../Frameworks";
				MACOSX_DEPLOYMENT_TARGET = 13.1;
				MARKETING_VERSION = 1.0;
				PRODUCT_BUNDLE_IDENTIFIER = com.jillallan.BugTracker;
				PRODUCT_NAME = "$(TARGET_NAME)";
				SDKROOT = auto;
				SUPPORTED_PLATFORMS = "iphoneos iphonesimulator macosx";
				SWIFT_EMIT_LOC_STRINGS = YES;
				SWIFT_VERSION = 5.0;
				TARGETED_DEVICE_FAMILY = "1,2";
			};
			name = Debug;
		};
		78ADAB9329AD162A00ED6094 /* Release */ = {
			isa = XCBuildConfiguration;
			buildSettings = {
				ASSETCATALOG_COMPILER_APPICON_NAME = AppIcon;
				ASSETCATALOG_COMPILER_GLOBAL_ACCENT_COLOR_NAME = AccentColor;
				CODE_SIGN_ENTITLEMENTS = BugTracker/BugTracker.entitlements;
				CODE_SIGN_STYLE = Automatic;
				CURRENT_PROJECT_VERSION = 1;
				DEVELOPMENT_ASSET_PATHS = "\"BugTracker/Preview Content\"";
				DEVELOPMENT_TEAM = UJT6W9JA72;
				ENABLE_HARDENED_RUNTIME = YES;
				ENABLE_PREVIEWS = YES;
				GENERATE_INFOPLIST_FILE = YES;
				"INFOPLIST_KEY_UIApplicationSceneManifest_Generation[sdk=iphoneos*]" = YES;
				"INFOPLIST_KEY_UIApplicationSceneManifest_Generation[sdk=iphonesimulator*]" = YES;
				"INFOPLIST_KEY_UIApplicationSupportsIndirectInputEvents[sdk=iphoneos*]" = YES;
				"INFOPLIST_KEY_UIApplicationSupportsIndirectInputEvents[sdk=iphonesimulator*]" = YES;
				"INFOPLIST_KEY_UILaunchScreen_Generation[sdk=iphoneos*]" = YES;
				"INFOPLIST_KEY_UILaunchScreen_Generation[sdk=iphonesimulator*]" = YES;
				"INFOPLIST_KEY_UIStatusBarStyle[sdk=iphoneos*]" = UIStatusBarStyleDefault;
				"INFOPLIST_KEY_UIStatusBarStyle[sdk=iphonesimulator*]" = UIStatusBarStyleDefault;
				INFOPLIST_KEY_UISupportedInterfaceOrientations_iPad = "UIInterfaceOrientationPortrait UIInterfaceOrientationPortraitUpsideDown UIInterfaceOrientationLandscapeLeft UIInterfaceOrientationLandscapeRight";
				INFOPLIST_KEY_UISupportedInterfaceOrientations_iPhone = "UIInterfaceOrientationPortrait UIInterfaceOrientationLandscapeLeft UIInterfaceOrientationLandscapeRight";
				IPHONEOS_DEPLOYMENT_TARGET = 16.2;
				LD_RUNPATH_SEARCH_PATHS = "@executable_path/Frameworks";
				"LD_RUNPATH_SEARCH_PATHS[sdk=macosx*]" = "@executable_path/../Frameworks";
				MACOSX_DEPLOYMENT_TARGET = 13.1;
				MARKETING_VERSION = 1.0;
				PRODUCT_BUNDLE_IDENTIFIER = com.jillallan.BugTracker;
				PRODUCT_NAME = "$(TARGET_NAME)";
				SDKROOT = auto;
				SUPPORTED_PLATFORMS = "iphoneos iphonesimulator macosx";
				SWIFT_EMIT_LOC_STRINGS = YES;
				SWIFT_VERSION = 5.0;
				TARGETED_DEVICE_FAMILY = "1,2";
			};
			name = Release;
		};
/* End XCBuildConfiguration section */

/* Begin XCConfigurationList section */
		78ADAB7D29AD162900ED6094 /* Build configuration list for PBXProject "BugTracker" */ = {
			isa = XCConfigurationList;
			buildConfigurations = (
				78ADAB8F29AD162A00ED6094 /* Debug */,
				78ADAB9029AD162A00ED6094 /* Release */,
			);
			defaultConfigurationIsVisible = 0;
			defaultConfigurationName = Release;
		};
		78ADAB9129AD162A00ED6094 /* Build configuration list for PBXNativeTarget "BugTracker" */ = {
			isa = XCConfigurationList;
			buildConfigurations = (
				78ADAB9229AD162A00ED6094 /* Debug */,
				78ADAB9329AD162A00ED6094 /* Release */,
			);
			defaultConfigurationIsVisible = 0;
			defaultConfigurationName = Release;
		};
/* End XCConfigurationList section */

/* Begin XCVersionGroup section */
		78ADAB9429AD165C00ED6094 /* Main.xcdatamodeld */ = {
			isa = XCVersionGroup;
			children = (
				78ADAB9529AD165C00ED6094 /* Main.xcdatamodel */,
			);
			currentVersion = 78ADAB9529AD165C00ED6094 /* Main.xcdatamodel */;
			path = Main.xcdatamodeld;
			sourceTree = "<group>";
			versionGroupType = wrapper.xcdatamodel;
		};
/* End XCVersionGroup section */
	};
	rootObject = 78ADAB7A29AD162900ED6094 /* Project object */;
}
